
Microsoft Visual Studio Solution File, Format Version 12.00
# Visual Studio Version 16
VisualStudioVersion = 16.0.29102.190
MinimumVisualStudioVersion = 10.0.40219.1
Project("{FAE04EC0-301F-11D3-BF4B-00C04F79EFBC}") = "turtle", "turtle\turtle.csproj", "{73D64DDE-4E7D-47E9-A11C-06210A64F3B7}"
EndProject
Global
	GlobalSection(SolutionConfigurationPlatforms) = preSolution
		Debug|Any CPU = Debug|Any CPU
		Release|Any CPU = Release|Any CPU
	EndGlobalSection
	GlobalSection(ProjectConfigurationPlatforms) = postSolution
		{73D64DDE-4E7D-47E9-A11C-06210A64F3B7}.Debug|Any CPU.ActiveCfg = Debug|Any CPU
		{73D64DDE-4E7D-47E9-A11C-06210A64F3B7}.Debug|Any CPU.Build.0 = Debug|Any CPU
		{73D64DDE-4E7D-47E9-A11C-06210A64F3B7}.Release|Any CPU.ActiveCfg = Release|Any CPU
		{73D64DDE-4E7D-47E9-A11C-06210A64F3B7}.Release|Any CPU.Build.0 = Release|Any CPU
	EndGlobalSection
	GlobalSection(SolutionProperties) = preSolution
		HideSolutionNode = FALSE
	EndGlobalSection
	GlobalSection(ExtensibilityGlobals) = postSolution
		SolutionGuid = {5FC2C264-789F-4286-80DE-FC64189870A2}
	EndGlobalSection
EndGlobal
